<?xml version="1.0" encoding="utf-8"?>
<Project ToolsVersion="4.0" xmlns="http://schemas.microsoft.com/developer/msbuild/2003">
  <ItemGroup>
    <Filter Include="Source Files">
      <UniqueIdentifier>{4FC737F1-C7A5-4376-A066-2A32D752A2FF}</UniqueIdentifier>
      <Extensions>cpp;c;cc;cxx;def;odl;idl;hpj;bat;asm;asmx</Extensions>
    </Filter>
    <Filter Include="Header Files">
      <UniqueIdentifier>{93995380-89BD-4b04-88EB-625FBE52EBFB}</UniqueIdentifier>
      <Extensions>h;hh;hpp;hxx;hm;inl;inc;ipp;xsd</Extensions>
    </Filter>
    <Filter Include="Resource Files">
      <UniqueIdentifier>{67DA6AB6-F800-4c08-8B7A-83BB121AAD01}</UniqueIdentifier>
      <Extensions>rc;ico;cur;bmp;dlg;rc2;rct;bin;rgs;gif;jpg;jpeg;jpe;resx;tiff;tif;png;wav;mfcribbon-ms</Extensions>
    </Filter>
    <Filter Include="Shader">
      <UniqueIdentifier>{59d1abdf-5bbd-4baa-aef6-44c86b8c52e7}</UniqueIdentifier>
    </Filter>
    <Filter Include="ImGui">
      <UniqueIdentifier>{1fbe7ad0-78b0-4990-9560-492f709088b1}</UniqueIdentifier>
    </Filter>
  </ItemGroup>
  <ItemGroup>
    <ClCompile Include="Source.cpp">
      <Filter>Source Files</Filter>
    </ClCompile>
    <ClCompile Include="glad.c">
      <Filter>Source Files</Filter>
    </ClCompile>
    <ClCompile Include="imgui_widgets.cpp">
      <Filter>ImGui</Filter>
    </ClCompile>
    <ClCompile Include="imgui_impl_opengl3.cpp">
      <Filter>ImGui</Filter>
    </ClCompile>
    <ClCompile Include="imgui_impl_glfw.cpp">
      <Filter>ImGui</Filter>
    </ClCompile>
    <ClCompile Include="imgui_draw.cpp">
      <Filter>ImGui</Filter>
    </ClCompile>
    <ClCompile Include="imgui.cpp">
      <Filter>ImGui</Filter>
    </ClCompile>
    <ClCompile Include="imgui_demo.cpp">
      <Filter>ImGui</Filter>
    </ClCompile>
  </ItemGroup>
  <ItemGroup>
    <ClInclude Include="model.h">
      <Filter>Source Files</Filter>
    </ClInclude>
    <ClInclude Include="camera.h">
      <Filter>Source Files</Filter>
    </ClInclude>
    <ClInclude Include="mesh.h">
      <Filter>Source Files</Filter>
    </ClInclude>
    <ClInclude Include="shader_m.h">
      <Filter>Source Files</Filter>
    </ClInclude>
    <ClInclude Include="stb_image.h">
      <Filter>Source Files</Filter>
    </ClInclude>
    <ClInclude Include="imstb_textedit.h">
      <Filter>Header Files</Filter>
    </ClInclude>
    <ClInclude Include="imstb_truetype.h">
      <Filter>Header Files</Filter>
    </ClInclude>
    <ClInclude Include="imconfig.h">
      <Filter>Header Files</Filter>
    </ClInclude>
    <ClInclude Include="imgui.h">
      <Filter>Header Files</Filter>
    </ClInclude>
    <ClInclude Include="imgui_internal.h">
      <Filter>Header Files</Filter>
    </ClInclude>
    <ClInclude Include="imstb_rectpack.h">
      <Filter>Header Files</Filter>
    </ClInclude>
    <ClInclude Include="imgui_impl_glfw.h">
      <Filter>Header Files</Filter>
    </ClInclude>
    <ClInclude Include="imgui_impl_opengl3.h">
      <Filter>Header Files</Filter>
    </ClInclude>
    <ClInclude Include="Objects.h">
      <Filter>Source Files</Filter>
    </ClInclude>
    <ClInclude Include="LineRenderer.h">
      <Filter>Source Files</Filter>
    </ClInclude>
    <ClInclude Include="resource.h">
      <Filter>Header Files</Filter>
    </ClInclude>
    <ClInclude Include="resource1.h">
      <Filter>Header Files</Filter>
    </ClInclude>
    <ClInclude Include="resource2.h">
      <Filter>Header Files</Filter>
    </ClInclude>
    <ClInclude Include="resource3.h">
      <Filter>Header Files</Filter>
    </ClInclude>
    <ClInclude Include="stb_image_write.h">
      <Filter>Source Files</Filter>
    </ClInclude>
    <ClInclude Include="quad.h">
      <Filter>Source Files</Filter>
    </ClInclude>
    <ClInclude Include="Gui.h">
      <Filter>Source Files</Filter>
    </ClInclude>
    <ClInclude Include="Scene.h">
      <Filter>Source Files</Filter>
    </ClInclude>
    <ClInclude Include="SceneEdit.h">
      <Filter>Source Files</Filter>
    </ClInclude>
    <ClInclude Include="Events.h">
      <Filter>Source Files</Filter>
    </ClInclude>
    <ClInclude Include="Loader.h">
      <Filter>Source Files</Filter>
    </ClInclude>
    <ClInclude Include="Action.h">
      <Filter>Source Files</Filter>
    </ClInclude>
    <ClInclude Include="FBO.h">
      <Filter>Source Files</Filter>
    </ClInclude>
    <ClInclude Include="Lights.h">
      <Filter>Source Files</Filter>
    </ClInclude>
    <ClInclude Include="SceneLoader.h">
      <Filter>Source Files</Filter>
    </ClInclude>
    <ClInclude Include="Material.h">
      <Filter>Source Files</Filter>
    </ClInclude>
    <ClInclude Include="Cube.h">
      <Filter>Source Files</Filter>
    </ClInclude>
    <ClInclude Include="CubeMapGenerator.h">
      <Filter>Source Files</Filter>
    </ClInclude>
    <ClInclude Include="IrradianceMapGenerator.h">
      <Filter>Source Files</Filter>
    </ClInclude>
    <ClInclude Include="Tools.h">
      <Filter>Source Files</Filter>
    </ClInclude>
    <ClInclude Include="AnimationData.h">
      <Filter>Source Files</Filter>
    </ClInclude>
    <ClInclude Include="AnimationRunner.h">
      <Filter>Source Files</Filter>
    </ClInclude>
  </ItemGroup>
  <ItemGroup>
    <ResourceCompile Include="Resource.rc">
      <Filter>Resource Files</Filter>
    </ResourceCompile>
  </ItemGroup>
  <ItemGroup>
    <Image Include="bool_icon.ico">
      <Filter>Resource Files</Filter>
    </Image>
  </ItemGroup>
  <ItemGroup>
    <None Include="Data\Shaders\line.frag">
      <Filter>Shader</Filter>
    </None>
    <None Include="Data\Shaders\line.vert">
      <Filter>Shader</Filter>
    </None>
    <None Include="Data\Shaders\object.frag">
      <Filter>Shader</Filter>
    </None>
    <None Include="Data\Shaders\object.vert">
      <Filter>Shader</Filter>
    </None>
    <None Include="Data\Shaders\picking.frag">
      <Filter>Shader</Filter>
    </None>
    <None Include="Data\Shaders\picking.vert">
      <Filter>Shader</Filter>
    </None>
    <None Include="Data\Shaders\projection.frag">
      <Filter>Shader</Filter>
    </None>
    <None Include="Data\Shaders\projection.vert">
      <Filter>Shader</Filter>
    </None>
    <None Include="Data\Shaders\quad.frag">
      <Filter>Shader</Filter>
    </None>
    <None Include="Data\Shaders\quad.vert">
      <Filter>Shader</Filter>
    </None>
    <None Include="Data\Shaders\Textured.frag">
      <Filter>Shader</Filter>
    </None>
    <None Include="Data\Shaders\Textured.vert">
      <Filter>Shader</Filter>
    </None>
    <None Include="Data\Shaders\Vblur.vert">
      <Filter>Shader</Filter>
    </None>
    <None Include="Data\Shaders\bloom1.frag">
      <Filter>Shader</Filter>
    </None>
    <None Include="Data\Shaders\Default.frag">
      <Filter>Shader</Filter>
    </None>
    <None Include="Data\Shaders\Default.vert">
      <Filter>Shader</Filter>
    </None>
    <None Include="Data\Shaders\Hblur.vert">
      <Filter>Shader</Filter>
    </None>
    <None Include="Data\Shaders\pbr.vert">
      <Filter>Shader</Filter>
    </None>
    <None Include="Data\Shaders\pbr.frag">
      <Filter>Shader</Filter>
    </None>
    <None Include="Data\Shaders\skybox.frag">
      <Filter>Shader</Filter>
    </None>
    <None Include="Data\Shaders\skybox.vert">
      <Filter>Shader</Filter>
    </None>
    <None Include="Data\Shaders\irradianceMap.frag">
      <Filter>Shader</Filter>
    </None>
    <None Include="outline.frag">
      <Filter>Shader</Filter>
    </None>
    <None Include="outline.vert">
      <Filter>Shader</Filter>
    </None>
  </ItemGroup>
  <ItemGroup>
    <Text Include="BooleanDataDocument.txt">
      <Filter>Source Files</Filter>
    </Text>
  </ItemGroup>
</Project>